
Microsoft Visual Studio Solution File, Format Version 12.00
# Visual Studio 15
VisualStudioVersion = 15.0.27004.2009
MinimumVisualStudioVersion = 10.0.40219.1
Project("{2150E333-8FDC-42A3-9474-1A3956D46DE8}") = "Addins", "Addins", "{9712F1B6-2D5A-4515-AFC4-A1996CB411E9}"
EndProject
Project("{FAE04EC0-301F-11D3-BF4B-00C04F79EFBC}") = "ExternalStartupAddin", "ExternalStartupAddin\ExternalStartupAddin.csproj", "{7EA0777F-22E6-41F7-9125-919C456EE28F}"
EndProject
Project("{FAE04EC0-301F-11D3-BF4B-00C04F79EFBC}") = "TestMonoAddins", "TestMonoAddins\TestMonoAddins.csproj", "{DECDEA3A-3F25-43BA-9AA6-D90B5A871F54}"
EndProject
Project("{FAE04EC0-301F-11D3-BF4B-00C04F79EFBC}") = "ExternalStartupXmlAddin", "ExternalStartupXmlAddin\ExternalStartupXmlAddin.csproj", "{4478EDEF-FD64-4FD2-9E1F-47DBE50E3FCA}"
EndProject
Global
	GlobalSection(SolutionConfigurationPlatforms) = preSolution
		Debug|Any CPU = Debug|Any CPU
		Release|Any CPU = Release|Any CPU
	EndGlobalSection
	GlobalSection(ProjectConfigurationPlatforms) = postSolution
		{7EA0777F-22E6-41F7-9125-919C456EE28F}.Debug|Any CPU.ActiveCfg = Debug|Any CPU
		{7EA0777F-22E6-41F7-9125-919C456EE28F}.Debug|Any CPU.Build.0 = Debug|Any CPU
		{7EA0777F-22E6-41F7-9125-919C456EE28F}.Release|Any CPU.ActiveCfg = Release|Any CPU
		{7EA0777F-22E6-41F7-9125-919C456EE28F}.Release|Any CPU.Build.0 = Release|Any CPU
		{DECDEA3A-3F25-43BA-9AA6-D90B5A871F54}.Debug|Any CPU.ActiveCfg = Debug|Any CPU
		{DECDEA3A-3F25-43BA-9AA6-D90B5A871F54}.Debug|Any CPU.Build.0 = Debug|Any CPU
		{DECDEA3A-3F25-43BA-9AA6-D90B5A871F54}.Release|Any CPU.ActiveCfg = Release|Any CPU
		{DECDEA3A-3F25-43BA-9AA6-D90B5A871F54}.Release|Any CPU.Build.0 = Release|Any CPU
		{4478EDEF-FD64-4FD2-9E1F-47DBE50E3FCA}.Debug|Any CPU.ActiveCfg = Debug|Any CPU
		{4478EDEF-FD64-4FD2-9E1F-47DBE50E3FCA}.Debug|Any CPU.Build.0 = Debug|Any CPU
		{4478EDEF-FD64-4FD2-9E1F-47DBE50E3FCA}.Release|Any CPU.ActiveCfg = Release|Any CPU
		{4478EDEF-FD64-4FD2-9E1F-47DBE50E3FCA}.Release|Any CPU.Build.0 = Release|Any CPU
	EndGlobalSection
	GlobalSection(SolutionProperties) = preSolution
		HideSolutionNode = FALSE
	EndGlobalSection
	GlobalSection(NestedProjects) = preSolution
		{7EA0777F-22E6-41F7-9125-919C456EE28F} = {9712F1B6-2D5A-4515-AFC4-A1996CB411E9}
		{4478EDEF-FD64-4FD2-9E1F-47DBE50E3FCA} = {9712F1B6-2D5A-4515-AFC4-A1996CB411E9}
	EndGlobalSection
	GlobalSection(ExtensibilityGlobals) = postSolution
		SolutionGuid = {D0C9A383-9299-44AF-8E11-33014190E271}
	EndGlobalSection
EndGlobal
